
Microsoft Visual Studio Solution File, Format Version 12.00
Project("{FAE04EC0-301F-11D3-BF4B-00C04F79EFBC}") = "NannyServices.Api", "src\NannyServices.Api\NannyServices.Api.csproj", "{70C35079-7B65-434B-A27D-467EE145B4CB}"
EndProject
Project("{2150E333-8FDC-42A3-9474-1A3956D46DE8}") = "src", "src", "{827E0CD3-B72D-47B6-A68D-7590B98EB39B}"
EndProject
Project("{FAE04EC0-301F-11D3-BF4B-00C04F79EFBC}") = "NannyServices.Domain", "src\NannyServices.Domain\NannyServices.Domain.csproj", "{B93AAB0A-27FF-4CB7-BF98-4A46623B597F}"
EndProject
Project("{FAE04EC0-301F-11D3-BF4B-00C04F79EFBC}") = "NannyServices.Application", "src\NannyServices.Application\NannyServices.Application.csproj", "{045F5C12-EAB5-4510-9E30-80199C4EFFF0}"
EndProject
Project("{FAE04EC0-301F-11D3-BF4B-00C04F79EFBC}") = "NannyServices.Infrastructure", "src\NannyServices.Infrastructure\NannyServices.Infrastructure.csproj", "{0FAD62A9-9A30-4757-B17A-9C98EBA3FEF3}"
EndProject
Global
	GlobalSection(SolutionConfigurationPlatforms) = preSolution
		Debug|Any CPU = Debug|Any CPU
		Debug|x64 = Debug|x64
		Debug|x86 = Debug|x86
		Release|Any CPU = Release|Any CPU
		Release|x64 = Release|x64
		Release|x86 = Release|x86
	EndGlobalSection
	GlobalSection(ProjectConfigurationPlatforms) = postSolution
		{70C35079-7B65-434B-A27D-467EE145B4CB}.Debug|Any CPU.ActiveCfg = Debug|Any CPU
		{70C35079-7B65-434B-A27D-467EE145B4CB}.Debug|Any CPU.Build.0 = Debug|Any CPU
		{70C35079-7B65-434B-A27D-467EE145B4CB}.Debug|x64.ActiveCfg = Debug|Any CPU
		{70C35079-7B65-434B-A27D-467EE145B4CB}.Debug|x64.Build.0 = Debug|Any CPU
		{70C35079-7B65-434B-A27D-467EE145B4CB}.Debug|x86.ActiveCfg = Debug|Any CPU
		{70C35079-7B65-434B-A27D-467EE145B4CB}.Debug|x86.Build.0 = Debug|Any CPU
		{70C35079-7B65-434B-A27D-467EE145B4CB}.Release|Any CPU.ActiveCfg = Release|Any CPU
		{70C35079-7B65-434B-A27D-467EE145B4CB}.Release|Any CPU.Build.0 = Release|Any CPU
		{70C35079-7B65-434B-A27D-467EE145B4CB}.Release|x64.ActiveCfg = Release|Any CPU
		{70C35079-7B65-434B-A27D-467EE145B4CB}.Release|x64.Build.0 = Release|Any CPU
		{70C35079-7B65-434B-A27D-467EE145B4CB}.Release|x86.ActiveCfg = Release|Any CPU
		{70C35079-7B65-434B-A27D-467EE145B4CB}.Release|x86.Build.0 = Release|Any CPU
		{B93AAB0A-27FF-4CB7-BF98-4A46623B597F}.Debug|Any CPU.ActiveCfg = Debug|Any CPU
		{B93AAB0A-27FF-4CB7-BF98-4A46623B597F}.Debug|Any CPU.Build.0 = Debug|Any CPU
		{B93AAB0A-27FF-4CB7-BF98-4A46623B597F}.Debug|x64.ActiveCfg = Debug|Any CPU
		{B93AAB0A-27FF-4CB7-BF98-4A46623B597F}.Debug|x64.Build.0 = Debug|Any CPU
		{B93AAB0A-27FF-4CB7-BF98-4A46623B597F}.Debug|x86.ActiveCfg = Debug|Any CPU
		{B93AAB0A-27FF-4CB7-BF98-4A46623B597F}.Debug|x86.Build.0 = Debug|Any CPU
		{B93AAB0A-27FF-4CB7-BF98-4A46623B597F}.Release|Any CPU.ActiveCfg = Release|Any CPU
		{B93AAB0A-27FF-4CB7-BF98-4A46623B597F}.Release|Any CPU.Build.0 = Release|Any CPU
		{B93AAB0A-27FF-4CB7-BF98-4A46623B597F}.Release|x64.ActiveCfg = Release|Any CPU
		{B93AAB0A-27FF-4CB7-BF98-4A46623B597F}.Release|x64.Build.0 = Release|Any CPU
		{B93AAB0A-27FF-4CB7-BF98-4A46623B597F}.Release|x86.ActiveCfg = Release|Any CPU
		{B93AAB0A-27FF-4CB7-BF98-4A46623B597F}.Release|x86.Build.0 = Release|Any CPU
		{045F5C12-EAB5-4510-9E30-80199C4EFFF0}.Debug|Any CPU.ActiveCfg = Debug|Any CPU
		{045F5C12-EAB5-4510-9E30-80199C4EFFF0}.Debug|Any CPU.Build.0 = Debug|Any CPU
		{045F5C12-EAB5-4510-9E30-80199C4EFFF0}.Debug|x64.ActiveCfg = Debug|Any CPU
		{045F5C12-EAB5-4510-9E30-80199C4EFFF0}.Debug|x64.Build.0 = Debug|Any CPU
		{045F5C12-EAB5-4510-9E30-80199C4EFFF0}.Debug|x86.ActiveCfg = Debug|Any CPU
		{045F5C12-EAB5-4510-9E30-80199C4EFFF0}.Debug|x86.Build.0 = Debug|Any CPU
		{045F5C12-EAB5-4510-9E30-80199C4EFFF0}.Release|Any CPU.ActiveCfg = Release|Any CPU
		{045F5C12-EAB5-4510-9E30-80199C4EFFF0}.Release|Any CPU.Build.0 = Release|Any CPU
		{045F5C12-EAB5-4510-9E30-80199C4EFFF0}.Release|x64.ActiveCfg = Release|Any CPU
		{045F5C12-EAB5-4510-9E30-80199C4EFFF0}.Release|x64.Build.0 = Release|Any CPU
		{045F5C12-EAB5-4510-9E30-80199C4EFFF0}.Release|x86.ActiveCfg = Release|Any CPU
		{045F5C12-EAB5-4510-9E30-80199C4EFFF0}.Release|x86.Build.0 = Release|Any CPU
		{0FAD62A9-9A30-4757-B17A-9C98EBA3FEF3}.Debug|Any CPU.ActiveCfg = Debug|Any CPU
		{0FAD62A9-9A30-4757-B17A-9C98EBA3FEF3}.Debug|Any CPU.Build.0 = Debug|Any CPU
		{0FAD62A9-9A30-4757-B17A-9C98EBA3FEF3}.Debug|x64.ActiveCfg = Debug|Any CPU
		{0FAD62A9-9A30-4757-B17A-9C98EBA3FEF3}.Debug|x64.Build.0 = Debug|Any CPU
		{0FAD62A9-9A30-4757-B17A-9C98EBA3FEF3}.Debug|x86.ActiveCfg = Debug|Any CPU
		{0FAD62A9-9A30-4757-B17A-9C98EBA3FEF3}.Debug|x86.Build.0 = Debug|Any CPU
		{0FAD62A9-9A30-4757-B17A-9C98EBA3FEF3}.Release|Any CPU.ActiveCfg = Release|Any CPU
		{0FAD62A9-9A30-4757-B17A-9C98EBA3FEF3}.Release|Any CPU.Build.0 = Release|Any CPU
		{0FAD62A9-9A30-4757-B17A-9C98EBA3FEF3}.Release|x64.ActiveCfg = Release|Any CPU
		{0FAD62A9-9A30-4757-B17A-9C98EBA3FEF3}.Release|x64.Build.0 = Release|Any CPU
		{0FAD62A9-9A30-4757-B17A-9C98EBA3FEF3}.Release|x86.ActiveCfg = Release|Any CPU
		{0FAD62A9-9A30-4757-B17A-9C98EBA3FEF3}.Release|x86.Build.0 = Release|Any CPU
	EndGlobalSection
	GlobalSection(SolutionProperties) = preSolution
		HideSolutionNode = FALSE
	EndGlobalSection
	GlobalSection(NestedProjects) = preSolution
		{B93AAB0A-27FF-4CB7-BF98-4A46623B597F} = {827E0CD3-B72D-47B6-A68D-7590B98EB39B}
		{045F5C12-EAB5-4510-9E30-80199C4EFFF0} = {827E0CD3-B72D-47B6-A68D-7590B98EB39B}
		{0FAD62A9-9A30-4757-B17A-9C98EBA3FEF3} = {827E0CD3-B72D-47B6-A68D-7590B98EB39B}
		{70C35079-7B65-434B-A27D-467EE145B4CB} = {827E0CD3-B72D-47B6-A68D-7590B98EB39B}
	EndGlobalSection
EndGlobal
